{
    "version": 3,
    "terraform_version": "0.11.11",
    "serial": 40,
    "lineage": "40593b64-f644-7653-b5e7-260b0a27409f",
    "modules": [
        {
            "path": [
                "root"
            ],
            "outputs": {
                "cidr_gmdm-aws_subnet_to_peer": {
                    "sensitive": false,
                    "type": "string",
                    "value": "11.224.0.0/16"
                },
                "cidr_primary_peer-peer-transfer-vpc-audi-vws": {
                    "sensitive": false,
                    "type": "string",
                    "value": "10.63.0.32/27"
                },
                "cidr_secondary_peer-peer-transfer-vpc-audi-vws-a": {
                    "sensitive": false,
                    "type": "string",
                    "value": "100.64.0.0/27"
                },
                "cidr_transfer-audi-subnet-a": {
                    "sensitive": false,
                    "type": "string",
                    "value": "100.64.0.0/28"
                },
                "cidr_transfer-vws-subnet-a": {
                    "sensitive": false,
                    "type": "string",
                    "value": "10.63.0.32/28"
                },
                "cidr_vws_subnet_to_peer": {
                    "sensitive": false,
                    "type": "string",
                    "value": "10.61.0.0/16"
                }
            },
            "resources": {
                "aws_internet_gateway.acs-gw": {
                    "type": "aws_internet_gateway",
                    "depends_on": [
                        "aws_vpc.acs-vpc",
                        "data.aws_vpc.selected_acs-vpc"
                    ],
                    "primary": {
                        "id": "igw-069c1150d07f00c55",
                        "attributes": {
                            "id": "igw-069c1150d07f00c55",
                            "owner_id": "389414425405",
                            "tags.%": "1",
                            "tags.Name": "igw-acs",
                            "vpc_id": "vpc-0fed9494e6c868a93"
                        },
                        "meta": {},
                        "tainted": false
                    },
                    "deposed": [],
                    "provider": "provider.aws"
                },
                "aws_internet_gateway.transfer-gw": {
                    "type": "aws_internet_gateway",
                    "depends_on": [
                        "aws_vpc.transfer-vpc",
                        "data.aws_vpc.selected_transfer-vpc"
                    ],
                    "primary": {
                        "id": "igw-0d80c0251004c7353",
                        "attributes": {
                            "id": "igw-0d80c0251004c7353",
                            "owner_id": "389414425405",
                            "tags.%": "1",
                            "tags.Name": "igw-transfer",
                            "vpc_id": "vpc-0754284b54c81f6ca"
                        },
                        "meta": {},
                        "tainted": false
                    },
                    "deposed": [],
                    "provider": "provider.aws"
                },
                "aws_internet_gateway.vws-gw": {
                    "type": "aws_internet_gateway",
                    "depends_on": [
                        "aws_vpc.vws-vpc",
                        "data.aws_vpc.selected_vws-vpc"
                    ],
                    "primary": {
                        "id": "igw-03bca42da991a1238",
                        "attributes": {
                            "id": "igw-03bca42da991a1238",
                            "owner_id": "389414425405",
                            "tags.%": "1",
                            "tags.Name": "igw-vws",
                            "vpc_id": "vpc-0ff6192e9ff195712"
                        },
                        "meta": {},
                        "tainted": false
                    },
                    "deposed": [],
                    "provider": "provider.aws"
                },
                "aws_network_interface.audi-vws-transfer-proxy-audi-a": {
                    "type": "aws_network_interface",
                    "depends_on": [
                        "aws_security_group.gmdm-aws-eu-central-1-sg-transfer-proxy-a",
                        "aws_subnet.transfer-audi-subnet-a",
                        "data.template_file.ip_proxy_eni_audi_facing-a"
                    ],
                    "primary": {
                        "id": "eni-0cfa3fa05081112fe",
                        "attributes": {
                            "attachment.#": "0",
                            "description": "",
                            "id": "eni-0cfa3fa05081112fe",
                            "private_dns_name": "",
                            "private_ip": "100.64.0.4",
                            "private_ips.#": "1",
                            "private_ips.2557635308": "100.64.0.4",
                            "security_groups.#": "1",
                            "security_groups.1953992243": "sg-07aa2f8c0bc8ab4eb",
                            "source_dest_check": "true",
                            "subnet_id": "subnet-0c4847e8683dc9437",
                            "tags.%": "0"
                        },
                        "meta": {},
                        "tainted": false
                    },
                    "deposed": [],
                    "provider": "provider.aws"
                },
                "aws_network_interface.audi-vws-transfer-proxy-vws-a": {
                    "type": "aws_network_interface",
                    "depends_on": [
                        "aws_security_group.gmdm-aws-eu-central-1-sg-transfer-proxy-a",
                        "aws_subnet.transfer-vws-subnet-a",
                        "data.template_file.ip_proxy_eni_vws_facing-a"
                    ],
                    "primary": {
                        "id": "eni-0f87ae2bbce832bb5",
                        "attributes": {
                            "attachment.#": "0",
                            "description": "",
                            "id": "eni-0f87ae2bbce832bb5",
                            "private_dns_name": "",
                            "private_ip": "10.63.0.45",
                            "private_ips.#": "1",
                            "private_ips.3199983959": "10.63.0.45",
                            "security_groups.#": "1",
                            "security_groups.1953992243": "sg-07aa2f8c0bc8ab4eb",
                            "source_dest_check": "true",
                            "subnet_id": "subnet-0d0a519b22a5c0977",
                            "tags.%": "0"
                        },
                        "meta": {},
                        "tainted": false
                    },
                    "deposed": [],
                    "provider": "provider.aws"
                },
                "aws_security_group.gmdm-aws-eu-central-1-sg-transfer-dataprocessing": {
                    "type": "aws_security_group",
                    "depends_on": [
                        "data.aws_vpc.selected_acs-vpc",
                        "data.template_file.cidr_transfer-audi-subnet-a"
                    ],
                    "primary": {
                        "id": "sg-0fe69a474be6659cd",
                        "attributes": {
                            "arn": "arn:aws:ec2:eu-central-1:389414425405:security-group/sg-0fe69a474be6659cd",
                            "description": "Security Group for User VPC for Use Case Data Processing",
                            "egress.#": "1",
                            "egress.2354041881.cidr_blocks.#": "1",
                            "egress.2354041881.cidr_blocks.0": "100.64.0.0/28",
                            "egress.2354041881.description": "",
                            "egress.2354041881.from_port": "443",
                            "egress.2354041881.ipv6_cidr_blocks.#": "0",
                            "egress.2354041881.prefix_list_ids.#": "0",
                            "egress.2354041881.protocol": "tcp",
                            "egress.2354041881.security_groups.#": "0",
                            "egress.2354041881.self": "false",
                            "egress.2354041881.to_port": "443",
                            "id": "sg-0fe69a474be6659cd",
                            "ingress.#": "1",
                            "ingress.2949736174.cidr_blocks.#": "1",
                            "ingress.2949736174.cidr_blocks.0": "100.64.0.0/28",
                            "ingress.2949736174.description": "",
                            "ingress.2949736174.from_port": "1024",
                            "ingress.2949736174.ipv6_cidr_blocks.#": "0",
                            "ingress.2949736174.prefix_list_ids.#": "0",
                            "ingress.2949736174.protocol": "tcp",
                            "ingress.2949736174.security_groups.#": "0",
                            "ingress.2949736174.self": "false",
                            "ingress.2949736174.to_port": "65535",
                            "name": "gmdm-aws-eu-central-1-sg-dev-transfer-dataprocessing",
                            "owner_id": "389414425405",
                            "revoke_rules_on_delete": "false",
                            "tags.%": "1",
                            "tags.Name": "gmdm-aws-eu-central-1-sg-dev-transfer-dataprocessing",
                            "vpc_id": "vpc-0fed9494e6c868a93"
                        },
                        "meta": {
                            "e2bfb730-ecaa-11e6-8f88-34363bc7c4c0": {
                                "create": 600000000000,
                                "delete": 600000000000
                            },
                            "schema_version": "1"
                        },
                        "tainted": false
                    },
                    "deposed": [],
                    "provider": "provider.aws"
                },
                "aws_security_group.gmdm-aws-eu-central-1-sg-transfer-mdm42m": {
                    "type": "aws_security_group",
                    "depends_on": [
                        "data.aws_vpc.selected_acs-vpc",
                        "data.template_file.cidr_transfer-audi-subnet-a"
                    ],
                    "primary": {
                        "id": "sg-01cf8d7b6c33e6a2f",
                        "attributes": {
                            "arn": "arn:aws:ec2:eu-central-1:389414425405:security-group/sg-01cf8d7b6c33e6a2f",
                            "description": "Security Group for User VPC for Use Case MDM42m Frontend",
                            "egress.#": "1",
                            "egress.2949736174.cidr_blocks.#": "1",
                            "egress.2949736174.cidr_blocks.0": "100.64.0.0/28",
                            "egress.2949736174.description": "",
                            "egress.2949736174.from_port": "1024",
                            "egress.2949736174.ipv6_cidr_blocks.#": "0",
                            "egress.2949736174.prefix_list_ids.#": "0",
                            "egress.2949736174.protocol": "tcp",
                            "egress.2949736174.security_groups.#": "0",
                            "egress.2949736174.self": "false",
                            "egress.2949736174.to_port": "65535",
                            "id": "sg-01cf8d7b6c33e6a2f",
                            "ingress.#": "1",
                            "ingress.2354041881.cidr_blocks.#": "1",
                            "ingress.2354041881.cidr_blocks.0": "100.64.0.0/28",
                            "ingress.2354041881.description": "",
                            "ingress.2354041881.from_port": "443",
                            "ingress.2354041881.ipv6_cidr_blocks.#": "0",
                            "ingress.2354041881.prefix_list_ids.#": "0",
                            "ingress.2354041881.protocol": "tcp",
                            "ingress.2354041881.security_groups.#": "0",
                            "ingress.2354041881.self": "false",
                            "ingress.2354041881.to_port": "443",
                            "name": "gmdm-aws-eu-central-1-sg-dev-transfer-mdm42m",
                            "owner_id": "389414425405",
                            "revoke_rules_on_delete": "false",
                            "tags.%": "1",
                            "tags.Name": "gmdm-aws-eu-central-1-sg-dev-transfer-mdm42m",
                            "vpc_id": "vpc-0fed9494e6c868a93"
                        },
                        "meta": {
                            "e2bfb730-ecaa-11e6-8f88-34363bc7c4c0": {
                                "create": 600000000000,
                                "delete": 600000000000
                            },
                            "schema_version": "1"
                        },
                        "tainted": false
                    },
                    "deposed": [],
                    "provider": "provider.aws"
                },
                "aws_security_group.gmdm-aws-eu-central-1-sg-transfer-proxy-a": {
                    "type": "aws_security_group",
                    "depends_on": [
                        "data.aws_vpc.selected_transfer-vpc",
                        "data.template_file.cidr_gmdm-aws_subnet_to_peer",
                        "data.template_file.cidr_vws_subnet_to_peer"
                    ],
                    "primary": {
                        "id": "sg-07aa2f8c0bc8ab4eb",
                        "attributes": {
                            "arn": "arn:aws:ec2:eu-central-1:389414425405:security-group/sg-07aa2f8c0bc8ab4eb",
                            "description": "Security Group for Nginx-Proxy for Audi - VWS Peering",
                            "egress.#": "2",
                            "egress.4196126543.cidr_blocks.#": "2",
                            "egress.4196126543.cidr_blocks.0": "10.61.0.0/16",
                            "egress.4196126543.cidr_blocks.1": "11.224.0.0/16",
                            "egress.4196126543.description": "",
                            "egress.4196126543.from_port": "1024",
                            "egress.4196126543.ipv6_cidr_blocks.#": "0",
                            "egress.4196126543.prefix_list_ids.#": "0",
                            "egress.4196126543.protocol": "tcp",
                            "egress.4196126543.security_groups.#": "0",
                            "egress.4196126543.self": "false",
                            "egress.4196126543.to_port": "65535",
                            "egress.707278206.cidr_blocks.#": "2",
                            "egress.707278206.cidr_blocks.0": "11.224.0.0/16",
                            "egress.707278206.cidr_blocks.1": "10.61.0.0/16",
                            "egress.707278206.description": "",
                            "egress.707278206.from_port": "443",
                            "egress.707278206.ipv6_cidr_blocks.#": "0",
                            "egress.707278206.prefix_list_ids.#": "0",
                            "egress.707278206.protocol": "tcp",
                            "egress.707278206.security_groups.#": "0",
                            "egress.707278206.self": "false",
                            "egress.707278206.to_port": "443",
                            "id": "sg-07aa2f8c0bc8ab4eb",
                            "ingress.#": "2",
                            "ingress.4196126543.cidr_blocks.#": "2",
                            "ingress.4196126543.cidr_blocks.0": "10.61.0.0/16",
                            "ingress.4196126543.cidr_blocks.1": "11.224.0.0/16",
                            "ingress.4196126543.description": "",
                            "ingress.4196126543.from_port": "1024",
                            "ingress.4196126543.ipv6_cidr_blocks.#": "0",
                            "ingress.4196126543.prefix_list_ids.#": "0",
                            "ingress.4196126543.protocol": "tcp",
                            "ingress.4196126543.security_groups.#": "0",
                            "ingress.4196126543.self": "false",
                            "ingress.4196126543.to_port": "65535",
                            "ingress.707278206.cidr_blocks.#": "2",
                            "ingress.707278206.cidr_blocks.0": "11.224.0.0/16",
                            "ingress.707278206.cidr_blocks.1": "10.61.0.0/16",
                            "ingress.707278206.description": "",
                            "ingress.707278206.from_port": "443",
                            "ingress.707278206.ipv6_cidr_blocks.#": "0",
                            "ingress.707278206.prefix_list_ids.#": "0",
                            "ingress.707278206.protocol": "tcp",
                            "ingress.707278206.security_groups.#": "0",
                            "ingress.707278206.self": "false",
                            "ingress.707278206.to_port": "443",
                            "name": "gmdm-aws-eu-central-1-sg-dev-transfer-proxy",
                            "owner_id": "389414425405",
                            "revoke_rules_on_delete": "false",
                            "tags.%": "1",
                            "tags.Name": "gmdm-aws-eu-central-1-sg-dev-transfer-proxy",
                            "vpc_id": "vpc-0754284b54c81f6ca"
                        },
                        "meta": {
                            "e2bfb730-ecaa-11e6-8f88-34363bc7c4c0": {
                                "create": 600000000000,
                                "delete": 600000000000
                            },
                            "schema_version": "1"
                        },
                        "tainted": false
                    },
                    "deposed": [],
                    "provider": "provider.aws"
                },
                "aws_subnet.transfer-audi-subnet-a": {
                    "type": "aws_subnet",
                    "depends_on": [
                        "aws_vpc_ipv4_cidr_block_association.secondary_cidr-a",
                        "data.template_file.cidr_transfer-audi-subnet-a"
                    ],
                    "primary": {
                        "id": "subnet-0c4847e8683dc9437",
                        "attributes": {
                            "arn": "arn:aws:ec2:eu-central-1:389414425405:subnet/subnet-0c4847e8683dc9437",
                            "assign_ipv6_address_on_creation": "false",
                            "availability_zone": "eu-central-1a",
                            "availability_zone_id": "euc1-az2",
                            "cidr_block": "100.64.0.0/28",
                            "id": "subnet-0c4847e8683dc9437",
                            "ipv6_cidr_block": "",
                            "ipv6_cidr_block_association_id": "",
                            "map_public_ip_on_launch": "false",
                            "owner_id": "389414425405",
                            "tags.%": "1",
                            "tags.Name": "transfer-audi-subnet-a",
                            "vpc_id": "vpc-0754284b54c81f6ca"
                        },
                        "meta": {
                            "e2bfb730-ecaa-11e6-8f88-34363bc7c4c0": {
                                "create": 600000000000,
                                "delete": 600000000000
                            },
                            "schema_version": "1"
                        },
                        "tainted": false
                    },
                    "deposed": [],
                    "provider": "provider.aws"
                },
                "aws_subnet.transfer-audi-subnet-b": {
                    "type": "aws_subnet",
                    "depends_on": [
                        "aws_vpc.transfer-vpc",
                        "data.template_file.cidr_transfer-audi-subnet-b"
                    ],
                    "primary": {
                        "id": "subnet-009a0d0028c2b35e3",
                        "attributes": {
                            "arn": "arn:aws:ec2:eu-central-1:389414425405:subnet/subnet-009a0d0028c2b35e3",
                            "assign_ipv6_address_on_creation": "false",
                            "availability_zone": "eu-central-1b",
                            "availability_zone_id": "euc1-az3",
                            "cidr_block": "100.64.0.16/28",
                            "id": "subnet-009a0d0028c2b35e3",
                            "ipv6_cidr_block": "",
                            "ipv6_cidr_block_association_id": "",
                            "map_public_ip_on_launch": "false",
                            "owner_id": "389414425405",
                            "tags.%": "1",
                            "tags.Name": "transfer-audi-subnet-b",
                            "vpc_id": "vpc-0754284b54c81f6ca"
                        },
                        "meta": {
                            "e2bfb730-ecaa-11e6-8f88-34363bc7c4c0": {
                                "create": 600000000000,
                                "delete": 600000000000
                            },
                            "schema_version": "1"
                        },
                        "tainted": false
                    },
                    "deposed": [],
                    "provider": "provider.aws"
                },
                "aws_subnet.transfer-vws-subnet-a": {
                    "type": "aws_subnet",
                    "depends_on": [
                        "aws_vpc.transfer-vpc",
                        "data.template_file.cidr_transfer-vws-subnet-a"
                    ],
                    "primary": {
                        "id": "subnet-0d0a519b22a5c0977",
                        "attributes": {
                            "arn": "arn:aws:ec2:eu-central-1:389414425405:subnet/subnet-0d0a519b22a5c0977",
                            "assign_ipv6_address_on_creation": "false",
                            "availability_zone": "eu-central-1a",
                            "availability_zone_id": "euc1-az2",
                            "cidr_block": "10.63.0.32/28",
                            "id": "subnet-0d0a519b22a5c0977",
                            "ipv6_cidr_block": "",
                            "ipv6_cidr_block_association_id": "",
                            "map_public_ip_on_launch": "false",
                            "owner_id": "389414425405",
                            "tags.%": "1",
                            "tags.Name": "transfer-vws-subnet-a",
                            "vpc_id": "vpc-0754284b54c81f6ca"
                        },
                        "meta": {
                            "e2bfb730-ecaa-11e6-8f88-34363bc7c4c0": {
                                "create": 600000000000,
                                "delete": 600000000000
                            },
                            "schema_version": "1"
                        },
                        "tainted": false
                    },
                    "deposed": [],
                    "provider": "provider.aws"
                },
                "aws_subnet.transfer-vws-subnet-b": {
                    "type": "aws_subnet",
                    "depends_on": [
                        "aws_vpc.transfer-vpc",
                        "data.template_file.cidr_transfer-vws-subnet-b"
                    ],
                    "primary": {
                        "id": "subnet-0849185107a39adaa",
                        "attributes": {
                            "arn": "arn:aws:ec2:eu-central-1:389414425405:subnet/subnet-0849185107a39adaa",
                            "assign_ipv6_address_on_creation": "false",
                            "availability_zone": "eu-central-1b",
                            "availability_zone_id": "euc1-az3",
                            "cidr_block": "10.63.0.48/28",
                            "id": "subnet-0849185107a39adaa",
                            "ipv6_cidr_block": "",
                            "ipv6_cidr_block_association_id": "",
                            "map_public_ip_on_launch": "false",
                            "owner_id": "389414425405",
                            "tags.%": "1",
                            "tags.Name": "transfer-vws-subnet-b",
                            "vpc_id": "vpc-0754284b54c81f6ca"
                        },
                        "meta": {
                            "e2bfb730-ecaa-11e6-8f88-34363bc7c4c0": {
                                "create": 600000000000,
                                "delete": 600000000000
                            },
                            "schema_version": "1"
                        },
                        "tainted": false
                    },
                    "deposed": [],
                    "provider": "provider.aws"
                },
                "aws_vpc.acs-vpc": {
                    "type": "aws_vpc",
                    "depends_on": [
                        "data.template_file.cidr_gmdm-aws_subnet_to_peer"
                    ],
                    "primary": {
                        "id": "vpc-0fed9494e6c868a93",
                        "attributes": {
                            "arn": "arn:aws:ec2:eu-central-1:389414425405:vpc/vpc-0fed9494e6c868a93",
                            "assign_generated_ipv6_cidr_block": "false",
                            "cidr_block": "11.224.0.0/16",
                            "default_network_acl_id": "acl-027889729bb5cac91",
                            "default_route_table_id": "rtb-05e07301401dda6d7",
                            "default_security_group_id": "sg-0accf7a25005c9c49",
                            "dhcp_options_id": "dopt-182b7d73",
                            "enable_dns_hostnames": "false",
                            "enable_dns_support": "true",
                            "id": "vpc-0fed9494e6c868a93",
                            "instance_tenancy": "default",
                            "ipv6_association_id": "",
                            "ipv6_cidr_block": "",
                            "main_route_table_id": "rtb-05e07301401dda6d7",
                            "owner_id": "389414425405",
                            "tags.%": "1",
                            "tags.Name": "acs-vpc"
                        },
                        "meta": {
                            "schema_version": "1"
                        },
                        "tainted": false
                    },
                    "deposed": [],
                    "provider": "provider.aws"
                },
                "aws_vpc.transfer-vpc": {
                    "type": "aws_vpc",
                    "depends_on": [
                        "data.template_file.cidr_primary_peer-peer-transfer-vpc-audi-vws"
                    ],
                    "primary": {
                        "id": "vpc-0754284b54c81f6ca",
                        "attributes": {
                            "arn": "arn:aws:ec2:eu-central-1:389414425405:vpc/vpc-0754284b54c81f6ca",
                            "assign_generated_ipv6_cidr_block": "false",
                            "cidr_block": "10.63.0.32/27",
                            "default_network_acl_id": "acl-0f62ba8c6a4c6de5f",
                            "default_route_table_id": "rtb-0b4cb507ad212dc59",
                            "default_security_group_id": "sg-02288f6b4ce6db453",
                            "dhcp_options_id": "dopt-182b7d73",
                            "enable_dns_hostnames": "false",
                            "enable_dns_support": "true",
                            "id": "vpc-0754284b54c81f6ca",
                            "instance_tenancy": "default",
                            "ipv6_association_id": "",
                            "ipv6_cidr_block": "",
                            "main_route_table_id": "rtb-0b4cb507ad212dc59",
                            "owner_id": "389414425405",
                            "tags.%": "1",
                            "tags.Name": "transfer-vpc"
                        },
                        "meta": {
                            "schema_version": "1"
                        },
                        "tainted": false
                    },
                    "deposed": [],
                    "provider": "provider.aws"
                },
                "aws_vpc.vws-vpc": {
                    "type": "aws_vpc",
                    "depends_on": [
                        "data.template_file.cidr_vws_subnet_to_peer"
                    ],
                    "primary": {
                        "id": "vpc-0ff6192e9ff195712",
                        "attributes": {
                            "arn": "arn:aws:ec2:eu-central-1:389414425405:vpc/vpc-0ff6192e9ff195712",
                            "assign_generated_ipv6_cidr_block": "false",
                            "cidr_block": "10.61.0.0/16",
                            "default_network_acl_id": "acl-06b81efe6879f982d",
                            "default_route_table_id": "rtb-002d2dba6811852cc",
                            "default_security_group_id": "sg-0512f9840a5386e36",
                            "dhcp_options_id": "dopt-182b7d73",
                            "enable_dns_hostnames": "false",
                            "enable_dns_support": "true",
                            "id": "vpc-0ff6192e9ff195712",
                            "instance_tenancy": "default",
                            "ipv6_association_id": "",
                            "ipv6_cidr_block": "",
                            "main_route_table_id": "rtb-002d2dba6811852cc",
                            "owner_id": "389414425405",
                            "tags.%": "1",
                            "tags.Name": "vws-vpc"
                        },
                        "meta": {
                            "schema_version": "1"
                        },
                        "tainted": false
                    },
                    "deposed": [],
                    "provider": "provider.aws"
                },
                "aws_vpc_ipv4_cidr_block_association.secondary_cidr-a": {
                    "type": "aws_vpc_ipv4_cidr_block_association",
                    "depends_on": [
                        "aws_vpc.transfer-vpc",
                        "data.template_file.cidr_secondary_peer-peer-transfer-vpc-audi-vws-a"
                    ],
                    "primary": {
                        "id": "vpc-cidr-assoc-077b5926a631d85f1",
                        "attributes": {
                            "cidr_block": "100.64.0.0/27",
                            "id": "vpc-cidr-assoc-077b5926a631d85f1",
                            "vpc_id": "vpc-0754284b54c81f6ca"
                        },
                        "meta": {
                            "e2bfb730-ecaa-11e6-8f88-34363bc7c4c0": {
                                "create": 600000000000,
                                "delete": 600000000000
                            }
                        },
                        "tainted": false
                    },
                    "deposed": [],
                    "provider": "provider.aws"
                },
                "aws_vpc_peering_connection.peer-transfer-acs": {
                    "type": "aws_vpc_peering_connection",
                    "depends_on": [
                        "aws_vpc.transfer-vpc",
                        "data.aws_vpc.selected_acs-vpc"
                    ],
                    "primary": {
                        "id": "pcx-078b20baf588731b2",
                        "attributes": {
                            "accept_status": "active",
                            "accepter.#": "1",
                            "accepter.3244290774.allow_classic_link_to_remote_vpc": "false",
                            "accepter.3244290774.allow_remote_vpc_dns_resolution": "false",
                            "accepter.3244290774.allow_vpc_to_remote_classic_link": "false",
                            "auto_accept": "true",
                            "id": "pcx-078b20baf588731b2",
                            "peer_owner_id": "389414425405",
                            "peer_region": "eu-central-1",
                            "peer_vpc_id": "vpc-0fed9494e6c868a93",
                            "requester.#": "1",
                            "requester.3244290774.allow_classic_link_to_remote_vpc": "false",
                            "requester.3244290774.allow_remote_vpc_dns_resolution": "false",
                            "requester.3244290774.allow_vpc_to_remote_classic_link": "false",
                            "tags.%": "1",
                            "tags.Name": "peer-transfer-acs",
                            "vpc_id": "vpc-0754284b54c81f6ca"
                        },
                        "meta": {
                            "e2bfb730-ecaa-11e6-8f88-34363bc7c4c0": {
                                "create": 60000000000,
                                "delete": 60000000000,
                                "update": 60000000000
                            }
                        },
                        "tainted": false
                    },
                    "deposed": [],
                    "provider": "provider.aws"
                },
                "aws_vpc_peering_connection.peer-transfer-vws": {
                    "type": "aws_vpc_peering_connection",
                    "depends_on": [
                        "aws_vpc.transfer-vpc",
                        "data.aws_vpc.selected_vws-vpc"
                    ],
                    "primary": {
                        "id": "pcx-0d0bdc0f4f91ba9e3",
                        "attributes": {
                            "accept_status": "active",
                            "accepter.#": "1",
                            "accepter.3244290774.allow_classic_link_to_remote_vpc": "false",
                            "accepter.3244290774.allow_remote_vpc_dns_resolution": "false",
                            "accepter.3244290774.allow_vpc_to_remote_classic_link": "false",
                            "auto_accept": "true",
                            "id": "pcx-0d0bdc0f4f91ba9e3",
                            "peer_owner_id": "389414425405",
                            "peer_region": "eu-central-1",
                            "peer_vpc_id": "vpc-0ff6192e9ff195712",
                            "requester.#": "1",
                            "requester.3244290774.allow_classic_link_to_remote_vpc": "false",
                            "requester.3244290774.allow_remote_vpc_dns_resolution": "false",
                            "requester.3244290774.allow_vpc_to_remote_classic_link": "false",
                            "tags.%": "1",
                            "tags.Name": "peer-transfer-vws",
                            "vpc_id": "vpc-0754284b54c81f6ca"
                        },
                        "meta": {
                            "e2bfb730-ecaa-11e6-8f88-34363bc7c4c0": {
                                "create": 60000000000,
                                "delete": 60000000000,
                                "update": 60000000000
                            }
                        },
                        "tainted": false
                    },
                    "deposed": [],
                    "provider": "provider.aws"
                },
                "data.aws_vpc.selected_acs-vpc": {
                    "type": "aws_vpc",
                    "depends_on": [
                        "aws_vpc.acs-vpc"
                    ],
                    "primary": {
                        "id": "vpc-0fed9494e6c868a93",
                        "attributes": {
                            "arn": "arn:aws:ec2:eu-central-1:389414425405:vpc/vpc-0fed9494e6c868a93",
                            "cidr_block": "11.224.0.0/16",
                            "cidr_block_associations.#": "1",
                            "cidr_block_associations.0.association_id": "vpc-cidr-assoc-0668b023d89fe105a",
                            "cidr_block_associations.0.cidr_block": "11.224.0.0/16",
                            "cidr_block_associations.0.state": "associated",
                            "default": "false",
                            "dhcp_options_id": "dopt-182b7d73",
                            "enable_dns_hostnames": "false",
                            "enable_dns_support": "true",
                            "filter.#": "1",
                            "filter.59111802.name": "tag:Name",
                            "filter.59111802.values.#": "1",
                            "filter.59111802.values.2460285886": "acs-vpc",
                            "id": "vpc-0fed9494e6c868a93",
                            "instance_tenancy": "default",
                            "main_route_table_id": "rtb-05e07301401dda6d7",
                            "owner_id": "389414425405",
                            "state": "available",
                            "tags.%": "1",
                            "tags.Name": "acs-vpc"
                        },
                        "meta": {},
                        "tainted": false
                    },
                    "deposed": [],
                    "provider": "provider.aws"
                },
                "data.aws_vpc.selected_transfer-vpc": {
                    "type": "aws_vpc",
                    "depends_on": [
                        "aws_vpc.transfer-vpc"
                    ],
                    "primary": {
                        "id": "vpc-0754284b54c81f6ca",
                        "attributes": {
                            "arn": "arn:aws:ec2:eu-central-1:389414425405:vpc/vpc-0754284b54c81f6ca",
                            "cidr_block": "10.63.0.32/27",
                            "cidr_block_associations.#": "2",
                            "cidr_block_associations.0.association_id": "vpc-cidr-assoc-0d5e1ac638fa9aba2",
                            "cidr_block_associations.0.cidr_block": "10.63.0.32/27",
                            "cidr_block_associations.0.state": "associated",
                            "cidr_block_associations.1.association_id": "vpc-cidr-assoc-077b5926a631d85f1",
                            "cidr_block_associations.1.cidr_block": "100.64.0.0/27",
                            "cidr_block_associations.1.state": "associated",
                            "default": "false",
                            "dhcp_options_id": "dopt-182b7d73",
                            "enable_dns_hostnames": "false",
                            "enable_dns_support": "true",
                            "filter.#": "1",
                            "filter.14288849.name": "tag:Name",
                            "filter.14288849.values.#": "1",
                            "filter.14288849.values.2145191553": "transfer-vpc",
                            "id": "vpc-0754284b54c81f6ca",
                            "instance_tenancy": "default",
                            "main_route_table_id": "rtb-0b4cb507ad212dc59",
                            "owner_id": "389414425405",
                            "state": "available",
                            "tags.%": "1",
                            "tags.Name": "transfer-vpc"
                        },
                        "meta": {},
                        "tainted": false
                    },
                    "deposed": [],
                    "provider": "provider.aws"
                },
                "data.aws_vpc.selected_vws-vpc": {
                    "type": "aws_vpc",
                    "depends_on": [
                        "aws_vpc.vws-vpc"
                    ],
                    "primary": {
                        "id": "vpc-0ff6192e9ff195712",
                        "attributes": {
                            "arn": "arn:aws:ec2:eu-central-1:389414425405:vpc/vpc-0ff6192e9ff195712",
                            "cidr_block": "10.61.0.0/16",
                            "cidr_block_associations.#": "1",
                            "cidr_block_associations.0.association_id": "vpc-cidr-assoc-00223f7ef527aec20",
                            "cidr_block_associations.0.cidr_block": "10.61.0.0/16",
                            "cidr_block_associations.0.state": "associated",
                            "default": "false",
                            "dhcp_options_id": "dopt-182b7d73",
                            "enable_dns_hostnames": "false",
                            "enable_dns_support": "true",
                            "filter.#": "1",
                            "filter.937128086.name": "tag:Name",
                            "filter.937128086.values.#": "1",
                            "filter.937128086.values.2001435473": "vws-vpc",
                            "id": "vpc-0ff6192e9ff195712",
                            "instance_tenancy": "default",
                            "main_route_table_id": "rtb-002d2dba6811852cc",
                            "owner_id": "389414425405",
                            "state": "available",
                            "tags.%": "1",
                            "tags.Name": "vws-vpc"
                        },
                        "meta": {},
                        "tainted": false
                    },
                    "deposed": [],
                    "provider": "provider.aws"
                },
                "data.template_file.cidr_gmdm-aws_subnet_to_peer": {
                    "type": "template_file",
                    "depends_on": [],
                    "primary": {
                        "id": "323157c52f6380e888c60c60eae178762fb34bebec96d1c9ad65f6fed851e449",
                        "attributes": {
                            "id": "323157c52f6380e888c60c60eae178762fb34bebec96d1c9ad65f6fed851e449",
                            "rendered": "11.224.0.0/16",
                            "template": "${string_variable_to_interpolate}",
                            "vars.%": "1",
                            "vars.string_variable_to_interpolate": "11.224.0.0/16"
                        },
                        "meta": {},
                        "tainted": false
                    },
                    "deposed": [],
                    "provider": "provider.template"
                },
                "data.template_file.cidr_primary_peer-peer-transfer-vpc-audi-vws": {
                    "type": "template_file",
                    "depends_on": [],
                    "primary": {
                        "id": "de6e22984c547361815b3cb492db91d284651a1c2710860484001d75990c2ff1",
                        "attributes": {
                            "id": "de6e22984c547361815b3cb492db91d284651a1c2710860484001d75990c2ff1",
                            "rendered": "10.63.0.32/27",
                            "template": "${string_variable_to_interpolate}",
                            "vars.%": "1",
                            "vars.string_variable_to_interpolate": "10.63.0.32/27"
                        },
                        "meta": {},
                        "tainted": false
                    },
                    "deposed": [],
                    "provider": "provider.template"
                },
                "data.template_file.cidr_secondary_peer-peer-transfer-vpc-audi-vws-a": {
                    "type": "template_file",
                    "depends_on": [],
                    "primary": {
                        "id": "1d6b4be292314d78700d62aa6daab8104210bd5896af92cdd82e108dd5f56135",
                        "attributes": {
                            "id": "1d6b4be292314d78700d62aa6daab8104210bd5896af92cdd82e108dd5f56135",
                            "rendered": "100.64.0.0/27",
                            "template": "${string_variable_to_interpolate}",
                            "vars.%": "1",
                            "vars.string_variable_to_interpolate": "100.64.0.0/27"
                        },
                        "meta": {},
                        "tainted": false
                    },
                    "deposed": [],
                    "provider": "provider.template"
                },
                "data.template_file.cidr_transfer-audi-subnet-a": {
                    "type": "template_file",
                    "depends_on": [],
                    "primary": {
                        "id": "db9a049f4afcc78401f4cdb30d966beb54a6aea6bd1e1dfa36a6d0031b0d77e9",
                        "attributes": {
                            "id": "db9a049f4afcc78401f4cdb30d966beb54a6aea6bd1e1dfa36a6d0031b0d77e9",
                            "rendered": "100.64.0.0/28",
                            "template": "${string_variable_to_interpolate}",
                            "vars.%": "1",
                            "vars.string_variable_to_interpolate": "100.64.0.0/28"
                        },
                        "meta": {},
                        "tainted": false
                    },
                    "deposed": [],
                    "provider": "provider.template"
                },
                "data.template_file.cidr_transfer-audi-subnet-b": {
                    "type": "template_file",
                    "depends_on": [],
                    "primary": {
                        "id": "1149a7fc49c2316c1963a277211f5515553a1b9e816cd9241acaaf2d930bdb7b",
                        "attributes": {
                            "id": "1149a7fc49c2316c1963a277211f5515553a1b9e816cd9241acaaf2d930bdb7b",
                            "rendered": "100.64.0.16/28",
                            "template": "${string_variable_to_interpolate}",
                            "vars.%": "1",
                            "vars.string_variable_to_interpolate": "100.64.0.16/28"
                        },
                        "meta": {},
                        "tainted": false
                    },
                    "deposed": [],
                    "provider": "provider.template"
                },
                "data.template_file.cidr_transfer-vws-subnet-a": {
                    "type": "template_file",
                    "depends_on": [],
                    "primary": {
                        "id": "8fbc65152b7b0ecae86eca636fbba719b498df8780088d35dca858d7256d986d",
                        "attributes": {
                            "id": "8fbc65152b7b0ecae86eca636fbba719b498df8780088d35dca858d7256d986d",
                            "rendered": "10.63.0.32/28",
                            "template": "${string_variable_to_interpolate}",
                            "vars.%": "1",
                            "vars.string_variable_to_interpolate": "10.63.0.32/28"
                        },
                        "meta": {},
                        "tainted": false
                    },
                    "deposed": [],
                    "provider": "provider.template"
                },
                "data.template_file.cidr_transfer-vws-subnet-b": {
                    "type": "template_file",
                    "depends_on": [],
                    "primary": {
                        "id": "bb0d63b48b46f6984536f1bc25165dc6863a557ddea62e0363b3f721d19136c5",
                        "attributes": {
                            "id": "bb0d63b48b46f6984536f1bc25165dc6863a557ddea62e0363b3f721d19136c5",
                            "rendered": "10.63.0.48/28",
                            "template": "${string_variable_to_interpolate}",
                            "vars.%": "1",
                            "vars.string_variable_to_interpolate": "10.63.0.48/28"
                        },
                        "meta": {},
                        "tainted": false
                    },
                    "deposed": [],
                    "provider": "provider.template"
                },
                "data.template_file.cidr_vws_subnet_to_peer": {
                    "type": "template_file",
                    "depends_on": [],
                    "primary": {
                        "id": "ac67a3243405e42f46cb8ae50ca11e33745c3c02530c68d92b7112b3d155ac0f",
                        "attributes": {
                            "id": "ac67a3243405e42f46cb8ae50ca11e33745c3c02530c68d92b7112b3d155ac0f",
                            "rendered": "10.61.0.0/16",
                            "template": "${string_variable_to_interpolate}",
                            "vars.%": "1",
                            "vars.string_variable_to_interpolate": "10.61.0.0/16"
                        },
                        "meta": {},
                        "tainted": false
                    },
                    "deposed": [],
                    "provider": "provider.template"
                },
                "data.template_file.ip_proxy_eni_audi_facing-a": {
                    "type": "template_file",
                    "depends_on": [],
                    "primary": {
                        "id": "4b13ea3ee688fe799fb42016e15c0ce938f9c3002c67e70b2260d05fd6c6e5d4",
                        "attributes": {
                            "id": "4b13ea3ee688fe799fb42016e15c0ce938f9c3002c67e70b2260d05fd6c6e5d4",
                            "rendered": "100.64.0.4",
                            "template": "${string_variable_to_interpolate}",
                            "vars.%": "1",
                            "vars.string_variable_to_interpolate": "100.64.0.4"
                        },
                        "meta": {},
                        "tainted": false
                    },
                    "deposed": [],
                    "provider": "provider.template"
                },
                "data.template_file.ip_proxy_eni_audi_facing-b": {
                    "type": "template_file",
                    "depends_on": [],
                    "primary": {
                        "id": "79cafebb7f8dd6eb124c3135efd74eedc5ac495f42865a7d7c7b709bb52d09cb",
                        "attributes": {
                            "id": "79cafebb7f8dd6eb124c3135efd74eedc5ac495f42865a7d7c7b709bb52d09cb",
                            "rendered": "100.64.0.20",
                            "template": "${string_variable_to_interpolate}",
                            "vars.%": "1",
                            "vars.string_variable_to_interpolate": "100.64.0.20"
                        },
                        "meta": {},
                        "tainted": false
                    },
                    "deposed": [],
                    "provider": "provider.template"
                },
                "data.template_file.ip_proxy_eni_vws_facing-a": {
                    "type": "template_file",
                    "depends_on": [],
                    "primary": {
                        "id": "8c378d5fd1d962e50f1d7fcd75c1095a49a42633bc49cf844da61c9a1a5e6010",
                        "attributes": {
                            "id": "8c378d5fd1d962e50f1d7fcd75c1095a49a42633bc49cf844da61c9a1a5e6010",
                            "rendered": "10.63.0.45",
                            "template": "${string_variable_to_interpolate}",
                            "vars.%": "1",
                            "vars.string_variable_to_interpolate": "10.63.0.45"
                        },
                        "meta": {},
                        "tainted": false
                    },
                    "deposed": [],
                    "provider": "provider.template"
                },
                "data.template_file.ip_proxy_eni_vws_facing-b": {
                    "type": "template_file",
                    "depends_on": [],
                    "primary": {
                        "id": "9621cd301eab3b8d13b0286a2534c57109a660c8dcb45fa263d2842ab547d8c4",
                        "attributes": {
                            "id": "9621cd301eab3b8d13b0286a2534c57109a660c8dcb45fa263d2842ab547d8c4",
                            "rendered": "10.63.0.52/28",
                            "template": "${string_variable_to_interpolate}",
                            "vars.%": "1",
                            "vars.string_variable_to_interpolate": "10.63.0.52/28"
                        },
                        "meta": {},
                        "tainted": false
                    },
                    "deposed": [],
                    "provider": "provider.template"
                }
            },
            "depends_on": []
        }
    ]
}
